Microsoft Visual Studio Solution File, Format Version 12.00
# Visual Studio Version 17
VisualStudioVersion = 17.0.31903.59
MinimumVisualStudioVersion = 10.0.40219.1
Project("{FAE04EC0-301F-11D3-BF4B-00C04F79EFBC}") = "MiSide_VR", "MiSide_VR\MiSide_VR.csproj", "{462F6B2F-A3A5-4CC3-B351-BE0E05DF6E62}"
EndProject
Global
	GlobalSection(SolutionConfigurationPlatforms) = preSolution
		Debug|Any CPU = Debug|Any CPU
		Release|Any CPU = Release|Any CPU
	EndGlobalSection
	GlobalSection(ProjectConfigurationPlatforms) = postSolution
		{462F6B2F-A3A5-4CC3-B351-BE0E05DF6E62}.Debug|Any CPU.ActiveCfg = Debug|Any CPU
		{462F6B2F-A3A5-4CC3-B351-BE0E05DF6E62}.Debug|Any CPU.Build.0 = Debug|Any CPU
		{462F6B2F-A3A5-4CC3-B351-BE0E05DF6E62}.Release|Any CPU.ActiveCfg = Release|Any CPU
		{462F6B2F-A3A5-4CC3-B351-BE0E05DF6E62}.Release|Any CPU.Build.0 = Release|Any CPU
	EndGlobalSection
EndGlobal
